
Microsoft Visual Studio Solution File, Format Version 12.00
# Visual Studio Version 17
VisualStudioVersion = 17.9.34728.123
MinimumVisualStudioVersion = 10.0.40219.1
Project("{FAE04EC0-301F-11D3-BF4B-00C04F79EFBC}") = "PamasolaSimpleERP", "PamasolaSimpleERP.csproj", "{D453EF1D-979F-4610-B823-B3731FB4458A}"
EndProject
Global
	GlobalSection(SolutionConfigurationPlatforms) = preSolution
		Debug|Any CPU = Debug|Any CPU
		Release|Any CPU = Release|Any CPU
	EndGlobalSection
	GlobalSection(ProjectConfigurationPlatforms) = postSolution
		{D453EF1D-979F-4610-B823-B3731FB4458A}.Debug|Any CPU.ActiveCfg = Debug|Any CPU
		{D453EF1D-979F-4610-B823-B3731FB4458A}.Debug|Any CPU.Build.0 = Debug|Any CPU
		{D453EF1D-979F-4610-B823-B3731FB4458A}.Release|Any CPU.ActiveCfg = Release|Any CPU
		{D453EF1D-979F-4610-B823-B3731FB4458A}.Release|Any CPU.Build.0 = Release|Any CPU
	EndGlobalSection
	GlobalSection(SolutionProperties) = preSolution
		HideSolutionNode = FALSE
	EndGlobalSection
	GlobalSection(ExtensibilityGlobals) = postSolution
		SolutionGuid = {6DE2E43B-A46B-423C-8EB6-DCD44FA5C6D9}
	EndGlobalSection
EndGlobal
